
Microsoft Visual Studio Solution File, Format Version 12.00
# Visual Studio Version 17
VisualStudioVersion = 17.4.33122.133
MinimumVisualStudioVersion = 10.0.40219.1
Project("{FAE04EC0-301F-11D3-BF4B-00C04F79EFBC}") = "addressbook_tests_autoit", "addressbook_tests_autoit\addressbook_tests_autoit.csproj", "{C9C5EC35-9A3A-4D5B-84FE-E805841582BD}"
EndProject
Global
	GlobalSection(SolutionConfigurationPlatforms) = preSolution
		Debug|Any CPU = Debug|Any CPU
		Release|Any CPU = Release|Any CPU
	EndGlobalSection
	GlobalSection(ProjectConfigurationPlatforms) = postSolution
		{C9C5EC35-9A3A-4D5B-84FE-E805841582BD}.Debug|Any CPU.ActiveCfg = Debug|Any CPU
		{C9C5EC35-9A3A-4D5B-84FE-E805841582BD}.Debug|Any CPU.Build.0 = Debug|Any CPU
		{C9C5EC35-9A3A-4D5B-84FE-E805841582BD}.Release|Any CPU.ActiveCfg = Release|Any CPU
		{C9C5EC35-9A3A-4D5B-84FE-E805841582BD}.Release|Any CPU.Build.0 = Release|Any CPU
	EndGlobalSection
	GlobalSection(SolutionProperties) = preSolution
		HideSolutionNode = FALSE
	EndGlobalSection
	GlobalSection(ExtensibilityGlobals) = postSolution
		SolutionGuid = {94221E00-DDC0-4C7E-934E-6F3CC6CC9807}
	EndGlobalSection
EndGlobal
